{
  "name": "nodejs_http",
  "version": "1.0.0",
  "lockfileVersion": 1,
  "requires": true,
  "dependencies": {
    "express-validator": {
      "version": "6.6.1",
      "resolved": "https://registry.npmjs.org/express-validator/-/express-validator-6.6.1.tgz",
      "integrity": "sha512-+MrZKJ3eGYXkNF9p9Zf7MS7NkPJFg9MDYATU5c80Cf4F62JdLBIjWxy6481tRC0y1NnC9cgOw8FuN364bWaGhA==",
      "requires": {
        "lodash": "^4.17.19",
        "validator": "^13.1.1"
      }
    },
    "lodash": {
      "version": "4.17.20",
      "resolved": "https://registry.npmjs.org/lodash/-/lodash-4.17.20.tgz",
      "integrity": "sha512-PlhdFcillOINfeV7Ni6oF1TAEayyZBoZ8bcshTHqOYJYlrqzRK5hagpagky5o4HfCzzd1TRkXPMFq6cKk9rGmA=="
    },
    "memory-cache": {
      "version": "0.2.0",
      "resolved": "https://registry.npmjs.org/memory-cache/-/memory-cache-0.2.0.tgz",
      "integrity": "sha1-eJCwHVLADI68nVM+H46xfjA0hxo="
    },
    "validator": {
      "version": "13.1.1",
      "resolved": "https://registry.npmjs.org/validator/-/validator-13.1.1.tgz",
      "integrity": "sha512-8GfPiwzzRoWTg7OV1zva1KvrSemuMkv07MA9TTl91hfhe+wKrsrgVN4H2QSFd/U/FhiU3iWPYVgvbsOGwhyFWw=="
    }
  }
}
